<?xml version="1.0" encoding="utf-8"?>
<Project ToolsVersion="4.0" xmlns="http://schemas.microsoft.com/developer/msbuild/2003">
  <ItemGroup>
    <Filter Include="Source Files">
      <UniqueIdentifier>{4FC737F1-C7A5-4376-A066-2A32D752A2FF}</UniqueIdentifier>
      <Extensions>cpp;c;cc;cxx;def;odl;idl;hpj;bat;asm;asmx</Extensions>
    </Filter>
    <Filter Include="Header Files">
      <UniqueIdentifier>{93995380-89BD-4b04-88EB-625FBE52EBFB}</UniqueIdentifier>
      <Extensions>h;hpp;hxx;hm;inl;inc;xsd</Extensions>
    </Filter>
  </ItemGroup>
  <ItemGroup>
    <ClCompile Include="$(NGS_ROOT)ngs-sdk\language\c++\Alignment.cpp">
      <Filter>Source Files</Filter>
    </ClCompile>
    <ClCompile Include="$(NGS_ROOT)ngs-sdk\language\c++\AlignmentIterator.cpp">
      <Filter>Source Files</Filter>
    </ClCompile>
    <ClCompile Include="$(NGS_ROOT)ngs-sdk\language\c++\Fragment.cpp">
      <Filter>Source Files</Filter>
    </ClCompile>
    <ClCompile Include="$(NGS_ROOT)ngs-sdk\language\c++\FragmentIterator.cpp">
      <Filter>Source Files</Filter>
    </ClCompile>
    <ClCompile Include="$(NGS_ROOT)ngs-sdk\language\c++\Pileup.cpp">
      <Filter>Source Files</Filter>
    </ClCompile>
    <ClCompile Include="$(NGS_ROOT)ngs-sdk\language\c++\PileupEvent.cpp">
      <Filter>Source Files</Filter>
    </ClCompile>
    <ClCompile Include="$(NGS_ROOT)ngs-sdk\language\c++\PileupEventIterator.cpp">
      <Filter>Source Files</Filter>
    </ClCompile>
    <ClCompile Include="$(NGS_ROOT)ngs-sdk\language\c++\PileupIterator.cpp">
      <Filter>Source Files</Filter>
    </ClCompile>
    <ClCompile Include="$(NGS_ROOT)ngs-sdk\language\c++\Read.cpp">
      <Filter>Source Files</Filter>
    </ClCompile>
    <ClCompile Include="$(NGS_ROOT)ngs-sdk\language\c++\ReadCollection.cpp">
      <Filter>Source Files</Filter>
    </ClCompile>
    <ClCompile Include="$(NGS_ROOT)ngs-sdk\language\c++\ReadGroup.cpp">
      <Filter>Source Files</Filter>
    </ClCompile>
    <ClCompile Include="$(NGS_ROOT)ngs-sdk\language\c++\ReadGroupIterator.cpp">
      <Filter>Source Files</Filter>
    </ClCompile>
    <ClCompile Include="$(NGS_ROOT)ngs-sdk\language\c++\ReadIterator.cpp">
      <Filter>Source Files</Filter>
    </ClCompile>
    <ClCompile Include="$(NGS_ROOT)ngs-sdk\language\c++\Reference.cpp">
      <Filter>Source Files</Filter>
    </ClCompile>
    <ClCompile Include="$(NGS_ROOT)ngs-sdk\language\c++\ReferenceIterator.cpp">
      <Filter>Source Files</Filter>
    </ClCompile>
    <ClCompile Include="$(NGS_ROOT)ngs-sdk\language\c++\ReferenceSequence.cpp">
      <Filter>Source Files</Filter>
    </ClCompile>
    <ClCompile Include="$(NGS_ROOT)ngs-sdk\language\c++\Statistics.cpp">
      <Filter>Source Files</Filter>
    </ClCompile>
    <ClCompile Include="$(NGS_ROOT)ngs-sdk\language\c++\StringRef.cpp">
      <Filter>Source Files</Filter>
    </ClCompile>
  </ItemGroup>
</Project>