// !$*UTF8*$!
{
	archiveVersion = 1;
	classes = {
	};
	objectVersion = 48;
	objects = {

/* Begin PBXBuildFile section */
		BEAF9FC71FD70E7100BBDE3E /* libncbi-vdb.a in Frameworks */ = {isa = PBXBuildFile; fileRef = BEAF9FC61FD70E7100BBDE3E /* libncbi-vdb.a */; };
		BEBFD91B1FD602C7008AC438 /* contig-consensus.cpp in Sources */ = {isa = PBXBuildFile; fileRef = BEBFD91A1FD602C7008AC438 /* contig-consensus.cpp */; };
/* End PBXBuildFile section */

/* Begin PBXCopyFilesBuildPhase section */
		BEBFD9151FD602C7008AC438 /* CopyFiles */ = {
			isa = PBXCopyFilesBuildPhase;
			buildActionMask = 2147483647;
			dstPath = /usr/share/man/man1/;
			dstSubfolderSpec = 0;
			files = (
			);
			runOnlyForDeploymentPostprocessing = 1;
		};
/* End PBXCopyFilesBuildPhase section */

/* Begin PBXFileReference section */
		BEAF9FC61FD70E7100BBDE3E /* libncbi-vdb.a */ = {isa = PBXFileReference; lastKnownFileType = archive.ar; name = "libncbi-vdb.a"; path = "../shared/libncbi-vdb.a"; sourceTree = "<group>"; };
		BEBFD9171FD602C7008AC438 /* contig-consensus */ = {isa = PBXFileReference; explicitFileType = "compiled.mach-o.executable"; includeInIndex = 0; path = "contig-consensus"; sourceTree = BUILT_PRODUCTS_DIR; };
		BEBFD91A1FD602C7008AC438 /* contig-consensus.cpp */ = {isa = PBXFileReference; lastKnownFileType = sourcecode.cpp.cpp; path = "contig-consensus.cpp"; sourceTree = "<group>"; };
/* End PBXFileReference section */

/* Begin PBXFrameworksBuildPhase section */
		BEBFD9141FD602C7008AC438 /* Frameworks */ = {
			isa = PBXFrameworksBuildPhase;
			buildActionMask = 2147483647;
			files = (
				BEAF9FC71FD70E7100BBDE3E /* libncbi-vdb.a in Frameworks */,
			);
			runOnlyForDeploymentPostprocessing = 0;
		};
/* End PBXFrameworksBuildPhase section */

/* Begin PBXGroup section */
		BEAF9FC51FD70E7100BBDE3E /* Frameworks */ = {
			isa = PBXGroup;
			children = (
				BEAF9FC61FD70E7100BBDE3E /* libncbi-vdb.a */,
			);
			name = Frameworks;
			sourceTree = "<group>";
		};
		BEBFD90E1FD602C7008AC438 = {
			isa = PBXGroup;
			children = (
				BEBFD9191FD602C7008AC438 /* contig-consensus */,
				BEBFD9181FD602C7008AC438 /* Products */,
				BEAF9FC51FD70E7100BBDE3E /* Frameworks */,
			);
			sourceTree = "<group>";
		};
		BEBFD9181FD602C7008AC438 /* Products */ = {
			isa = PBXGroup;
			children = (
				BEBFD9171FD602C7008AC438 /* contig-consensus */,
			);
			name = Products;
			sourceTree = "<group>";
		};
		BEBFD9191FD602C7008AC438 /* contig-consensus */ = {
			isa = PBXGroup;
			children = (
				BEBFD91A1FD602C7008AC438 /* contig-consensus.cpp */,
			);
			path = "contig-consensus";
			sourceTree = "<group>";
		};
/* End PBXGroup section */

/* Begin PBXNativeTarget section */
		BEBFD9161FD602C7008AC438 /* contig-consensus */ = {
			isa = PBXNativeTarget;
			buildConfigurationList = BEBFD91E1FD602C7008AC438 /* Build configuration list for PBXNativeTarget "contig-consensus" */;
			buildPhases = (
				BEBFD9131FD602C7008AC438 /* Sources */,
				BEBFD9141FD602C7008AC438 /* Frameworks */,
				BEBFD9151FD602C7008AC438 /* CopyFiles */,
			);
			buildRules = (
			);
			dependencies = (
			);
			name = "contig-consensus";
			productName = "contig-consensus";
			productReference = BEBFD9171FD602C7008AC438 /* contig-consensus */;
			productType = "com.apple.product-type.tool";
		};
/* End PBXNativeTarget section */

/* Begin PBXProject section */
		BEBFD90F1FD602C7008AC438 /* Project object */ = {
			isa = PBXProject;
			attributes = {
				LastUpgradeCheck = 0910;
				ORGANIZATIONNAME = NCBI/NLM/NIH;
				TargetAttributes = {
					BEBFD9161FD602C7008AC438 = {
						CreatedOnToolsVersion = 9.1;
						ProvisioningStyle = Automatic;
					};
				};
			};
			buildConfigurationList = BEBFD9121FD602C7008AC438 /* Build configuration list for PBXProject "contig-consensus" */;
			compatibilityVersion = "Xcode 8.0";
			developmentRegion = en;
			hasScannedForEncodings = 0;
			knownRegions = (
				en,
			);
			mainGroup = BEBFD90E1FD602C7008AC438;
			productRefGroup = BEBFD9181FD602C7008AC438 /* Products */;
			projectDirPath = "";
			projectRoot = "";
			targets = (
				BEBFD9161FD602C7008AC438 /* contig-consensus */,
			);
		};
/* End PBXProject section */

/* Begin PBXSourcesBuildPhase section */
		BEBFD9131FD602C7008AC438 /* Sources */ = {
			isa = PBXSourcesBuildPhase;
			buildActionMask = 2147483647;
			files = (
				BEBFD91B1FD602C7008AC438 /* contig-consensus.cpp in Sources */,
			);
			runOnlyForDeploymentPostprocessing = 0;
		};
/* End PBXSourcesBuildPhase section */

/* Begin XCBuildConfiguration section */
		BEBFD91C1FD602C7008AC438 /* Debug */ = {
			isa = XCBuildConfiguration;
			buildSettings = {
				ALWAYS_SEARCH_USER_PATHS = NO;
				CLANG_ANALYZER_NONNULL = YES;
				CLANG_ANALYZER_NUMBER_OBJECT_CONVERSION = YES_AGGRESSIVE;
				CLANG_CXX_LANGUAGE_STANDARD = "gnu++14";
				CLANG_CXX_LIBRARY = "libc++";
				CLANG_ENABLE_MODULES = YES;
				CLANG_ENABLE_OBJC_ARC = YES;
				CLANG_WARN_BLOCK_CAPTURE_AUTORELEASING = YES;
				CLANG_WARN_BOOL_CONVERSION = YES;
				CLANG_WARN_COMMA = YES;
				CLANG_WARN_CONSTANT_CONVERSION = YES;
				CLANG_WARN_DIRECT_OBJC_ISA_USAGE = YES_ERROR;
				CLANG_WARN_DOCUMENTATION_COMMENTS = YES;
				CLANG_WARN_EMPTY_BODY = YES;
				CLANG_WARN_ENUM_CONVERSION = YES;
				CLANG_WARN_INFINITE_RECURSION = YES;
				CLANG_WARN_INT_CONVERSION = YES;
				CLANG_WARN_NON_LITERAL_NULL_CONVERSION = YES;
				CLANG_WARN_OBJC_LITERAL_CONVERSION = YES;
				CLANG_WARN_OBJC_ROOT_CLASS = YES_ERROR;
				CLANG_WARN_RANGE_LOOP_ANALYSIS = YES;
				CLANG_WARN_STRICT_PROTOTYPES = YES;
				CLANG_WARN_SUSPICIOUS_MOVE = YES;
				CLANG_WARN_UNGUARDED_AVAILABILITY = YES_AGGRESSIVE;
				CLANG_WARN_UNREACHABLE_CODE = YES;
				CLANG_WARN__DUPLICATE_METHOD_MATCH = YES;
				CODE_SIGN_IDENTITY = "-";
				COPY_PHASE_STRIP = NO;
				DEBUG_INFORMATION_FORMAT = dwarf;
				ENABLE_STRICT_OBJC_MSGSEND = YES;
				ENABLE_TESTABILITY = YES;
				GCC_C_LANGUAGE_STANDARD = gnu11;
				GCC_DYNAMIC_NO_PIC = NO;
				GCC_NO_COMMON_BLOCKS = YES;
				GCC_OPTIMIZATION_LEVEL = 0;
				GCC_PREPROCESSOR_DEFINITIONS = (
					"DEBUG=1",
					"$(inherited)",
				);
				GCC_WARN_64_TO_32_BIT_CONVERSION = YES;
				GCC_WARN_ABOUT_RETURN_TYPE = YES_ERROR;
				GCC_WARN_UNDECLARED_SELECTOR = YES;
				GCC_WARN_UNINITIALIZED_AUTOS = YES_AGGRESSIVE;
				GCC_WARN_UNUSED_FUNCTION = YES;
				GCC_WARN_UNUSED_VARIABLE = YES;
				HEADER_SEARCH_PATHS = "$(SRCROOT)/../../../ncbi-vdb/interfaces";
				LIBRARY_SEARCH_PATHS = "$(SRCROOT)/../shared";
				MACOSX_DEPLOYMENT_TARGET = 10.13;
				MTL_ENABLE_DEBUG_INFO = YES;
				ONLY_ACTIVE_ARCH = YES;
				SDKROOT = macosx;
				USER_HEADER_SEARCH_PATHS = "${PROJECT_DIR}/../shared/include/";
			};
			name = Debug;
		};
		BEBFD91D1FD602C7008AC438 /* Release */ = {
			isa = XCBuildConfiguration;
			buildSettings = {
				ALWAYS_SEARCH_USER_PATHS = NO;
				CLANG_ANALYZER_NONNULL = YES;
				CLANG_ANALYZER_NUMBER_OBJECT_CONVERSION = YES_AGGRESSIVE;
				CLANG_CXX_LANGUAGE_STANDARD = "gnu++14";
				CLANG_CXX_LIBRARY = "libc++";
				CLANG_ENABLE_MODULES = YES;
				CLANG_ENABLE_OBJC_ARC = YES;
				CLANG_WARN_BLOCK_CAPTURE_AUTORELEASING = YES;
				CLANG_WARN_BOOL_CONVERSION = YES;
				CLANG_WARN_COMMA = YES;
				CLANG_WARN_CONSTANT_CONVERSION = YES;
				CLANG_WARN_DIRECT_OBJC_ISA_USAGE = YES_ERROR;
				CLANG_WARN_DOCUMENTATION_COMMENTS = YES;
				CLANG_WARN_EMPTY_BODY = YES;
				CLANG_WARN_ENUM_CONVERSION = YES;
				CLANG_WARN_INFINITE_RECURSION = YES;
				CLANG_WARN_INT_CONVERSION = YES;
				CLANG_WARN_NON_LITERAL_NULL_CONVERSION = YES;
				CLANG_WARN_OBJC_LITERAL_CONVERSION = YES;
				CLANG_WARN_OBJC_ROOT_CLASS = YES_ERROR;
				CLANG_WARN_RANGE_LOOP_ANALYSIS = YES;
				CLANG_WARN_STRICT_PROTOTYPES = YES;
				CLANG_WARN_SUSPICIOUS_MOVE = YES;
				CLANG_WARN_UNGUARDED_AVAILABILITY = YES_AGGRESSIVE;
				CLANG_WARN_UNREACHABLE_CODE = YES;
				CLANG_WARN__DUPLICATE_METHOD_MATCH = YES;
				CODE_SIGN_IDENTITY = "-";
				COPY_PHASE_STRIP = NO;
				DEBUG_INFORMATION_FORMAT = "dwarf-with-dsym";
				ENABLE_NS_ASSERTIONS = NO;
				ENABLE_STRICT_OBJC_MSGSEND = YES;
				GCC_C_LANGUAGE_STANDARD = gnu11;
				GCC_NO_COMMON_BLOCKS = YES;
				GCC_WARN_64_TO_32_BIT_CONVERSION = YES;
				GCC_WARN_ABOUT_RETURN_TYPE = YES_ERROR;
				GCC_WARN_UNDECLARED_SELECTOR = YES;
				GCC_WARN_UNINITIALIZED_AUTOS = YES_AGGRESSIVE;
				GCC_WARN_UNUSED_FUNCTION = YES;
				GCC_WARN_UNUSED_VARIABLE = YES;
				HEADER_SEARCH_PATHS = "$(SRCROOT)/../../../ncbi-vdb/interfaces";
				LIBRARY_SEARCH_PATHS = "$(SRCROOT)/../shared";
				MACOSX_DEPLOYMENT_TARGET = 10.13;
				MTL_ENABLE_DEBUG_INFO = NO;
				SDKROOT = macosx;
				USER_HEADER_SEARCH_PATHS = "${PROJECT_DIR}/../shared/include/";
			};
			name = Release;
		};
		BEBFD91F1FD602C7008AC438 /* Debug */ = {
			isa = XCBuildConfiguration;
			buildSettings = {
				CODE_SIGN_STYLE = Automatic;
				PRODUCT_NAME = "$(TARGET_NAME)";
			};
			name = Debug;
		};
		BEBFD9201FD602C7008AC438 /* Release */ = {
			isa = XCBuildConfiguration;
			buildSettings = {
				CODE_SIGN_STYLE = Automatic;
				PRODUCT_NAME = "$(TARGET_NAME)";
			};
			name = Release;
		};
/* End XCBuildConfiguration section */

/* Begin XCConfigurationList section */
		BEBFD9121FD602C7008AC438 /* Build configuration list for PBXProject "contig-consensus" */ = {
			isa = XCConfigurationList;
			buildConfigurations = (
				BEBFD91C1FD602C7008AC438 /* Debug */,
				BEBFD91D1FD602C7008AC438 /* Release */,
			);
			defaultConfigurationIsVisible = 0;
			defaultConfigurationName = Release;
		};
		BEBFD91E1FD602C7008AC438 /* Build configuration list for PBXNativeTarget "contig-consensus" */ = {
			isa = XCConfigurationList;
			buildConfigurations = (
				BEBFD91F1FD602C7008AC438 /* Debug */,
				BEBFD9201FD602C7008AC438 /* Release */,
			);
			defaultConfigurationIsVisible = 0;
			defaultConfigurationName = Release;
		};
/* End XCConfigurationList section */
	};
	rootObject = BEBFD90F1FD602C7008AC438 /* Project object */;
}
